Microsoft Visual Studio Solution File, Format Version 11.00
# Visual Studio 2008

Project("{94F6DE78-8994-2DEF-B2FE-2FE8ECDCB7A6}") = "Deathmatch", "Assembly-CSharp-firstpass.csproj", "{932B4981-22BA-DA74-0C5A-D3E40050081B}"
EndProject
Project("{94F6DE78-8994-2DEF-B2FE-2FE8ECDCB7A6}") = "Deathmatch", "Assembly-CSharp.csproj", "{000B9DB6-1108-92F9-2060-A8931009BCF1}"
EndProject
Project("{94F6DE78-8994-2DEF-B2FE-2FE8ECDCB7A6}") = "Deathmatch", "Assembly-CSharp-Editor.csproj", "{98D93BB9-CFC4-0010-3EC3-84A6F761D2AA}"
EndProject
Project("{94F6DE78-8994-2DEF-B2FE-2FE8ECDCB7A6}") = "Deathmatch", "Assembly-UnityScript-firstpass.unityproj", "{6C27F5C7-04DB-FF98-B6CC-3376304D762B}"
EndProject
Project("{94F6DE78-8994-2DEF-B2FE-2FE8ECDCB7A6}") = "Deathmatch", "Assembly-UnityScript.unityproj", "{E5AD3EBA-89C1-62D4-02D0-D74210954DD5}"
EndProject
Global
	GlobalSection(SolutionConfigurationPlatforms) = preSolution
		Debug|Any CPU = Debug|Any CPU
		Release|Any CPU = Release|Any CPU
	EndGlobalSection
	GlobalSection(ProjectConfigurationPlatforms) = postSolution
		{932B4981-22BA-DA74-0C5A-D3E40050081B}.Debug|Any CPU.ActiveCfg = Debug|Any CPU
		{932B4981-22BA-DA74-0C5A-D3E40050081B}.Debug|Any CPU.Build.0 = Debug|Any CPU
		{932B4981-22BA-DA74-0C5A-D3E40050081B}.Release|Any CPU.ActiveCfg = Release|Any CPU
		{932B4981-22BA-DA74-0C5A-D3E40050081B}.Release|Any CPU.Build.0 = Release|Any CPU
		{000B9DB6-1108-92F9-2060-A8931009BCF1}.Debug|Any CPU.ActiveCfg = Debug|Any CPU
		{000B9DB6-1108-92F9-2060-A8931009BCF1}.Debug|Any CPU.Build.0 = Debug|Any CPU
		{000B9DB6-1108-92F9-2060-A8931009BCF1}.Release|Any CPU.ActiveCfg = Release|Any CPU
		{000B9DB6-1108-92F9-2060-A8931009BCF1}.Release|Any CPU.Build.0 = Release|Any CPU
		{98D93BB9-CFC4-0010-3EC3-84A6F761D2AA}.Debug|Any CPU.ActiveCfg = Debug|Any CPU
		{98D93BB9-CFC4-0010-3EC3-84A6F761D2AA}.Debug|Any CPU.Build.0 = Debug|Any CPU
		{98D93BB9-CFC4-0010-3EC3-84A6F761D2AA}.Release|Any CPU.ActiveCfg = Release|Any CPU
		{98D93BB9-CFC4-0010-3EC3-84A6F761D2AA}.Release|Any CPU.Build.0 = Release|Any CPU
		{6C27F5C7-04DB-FF98-B6CC-3376304D762B}.Debug|Any CPU.ActiveCfg = Debug|Any CPU
		{6C27F5C7-04DB-FF98-B6CC-3376304D762B}.Debug|Any CPU.Build.0 = Debug|Any CPU
		{6C27F5C7-04DB-FF98-B6CC-3376304D762B}.Release|Any CPU.ActiveCfg = Release|Any CPU
		{6C27F5C7-04DB-FF98-B6CC-3376304D762B}.Release|Any CPU.Build.0 = Release|Any CPU
		{E5AD3EBA-89C1-62D4-02D0-D74210954DD5}.Debug|Any CPU.ActiveCfg = Debug|Any CPU
		{E5AD3EBA-89C1-62D4-02D0-D74210954DD5}.Debug|Any CPU.Build.0 = Debug|Any CPU
		{E5AD3EBA-89C1-62D4-02D0-D74210954DD5}.Release|Any CPU.ActiveCfg = Release|Any CPU
		{E5AD3EBA-89C1-62D4-02D0-D74210954DD5}.Release|Any CPU.Build.0 = Release|Any CPU
	EndGlobalSection
	GlobalSection(SolutionProperties) = preSolution
		HideSolutionNode = FALSE
	EndGlobalSection
		GlobalSection(MonoDevelopProperties) = preSolution
		StartupItem = Assembly-CSharp.csproj
		Policies = $0
		$0.TextStylePolicy = $1
		$1.inheritsSet = null
		$1.scope = text/x-csharp
		$0.CSharpFormattingPolicy = $2
		$2.inheritsSet = Mono
		$2.inheritsScope = text/x-csharp
		$2.scope = text/x-csharp
		$0.TextStylePolicy = $3
		$3.FileWidth = 120
		$3.TabWidth = 4
		$3.EolMarker = Unix
		$3.inheritsSet = Mono
		$3.inheritsScope = text/plain
		$3.scope = text/plain
	EndGlobalSection

EndGlobal
